Microsoft Visual Studio Solution File, Format Version 12.00
# Visual Studio Version 17
VisualStudioVersion = 17.0.31903.59
MinimumVisualStudioVersion = 10.0.40219.1

# Shared Libraries
Project("{FAE04EC0-301F-11D3-BF4B-00C04F79EFBC}") = "Common.Lib", "src\backend\shared\Common.Lib\Common.Lib.csproj", "{10000000-0000-0000-0000-000000000001}"
EndProject
Project("{FAE04EC0-301F-11D3-BF4B-00C04F79EFBC}") = "Contracts.Lib", "src\backend\shared\Contracts.Lib\Contracts.Lib.csproj", "{10000000-0000-0000-0000-000000000002}"
EndProject
Project("{FAE04EC0-301F-11D3-BF4B-00C04F79EFBC}") = "Infrastructure.Lib", "src\backend\shared\Infrastructure.Lib\Infrastructure.Lib.csproj", "{10000000-0000-0000-0000-000000000003}"
EndProject
Project("{FAE04EC0-301F-11D3-BF4B-00C04F79EFBC}") = "Security.Lib", "src\backend\shared\Security.Lib\Security.Lib.csproj", "{10000000-0000-0000-0000-000000000004}"
EndProject

# Microservices
Project("{FAE04EC0-301F-11D3-BF4B-00C04F79EFBC}") = "Gateway.Service", "src\backend\services\Gateway.Service\Gateway.Service.csproj", "{20000000-0000-0000-0000-000000000001}"
EndProject
Project("{FAE04EC0-301F-11D3-BF4B-00C04F79EFBC}") = "Auth.Service", "src\backend\services\Auth.Service\Auth.Service.csproj", "{20000000-0000-0000-0000-000000000002}"
EndProject
Project("{FAE04EC0-301F-11D3-BF4B-00C04F79EFBC}") = "Game.Service", "src\backend\services\Game.Service\Game.Service.csproj", "{20000000-0000-0000-0000-000000000003}"
EndProject
Project("{FAE04EC0-301F-11D3-BF4B-00C04F79EFBC}") = "Player.Service", "src\backend\services\Player.Service\Player.Service.csproj", "{20000000-0000-0000-0000-000000000004}"
EndProject
Project("{FAE04EC0-301F-11D3-BF4B-00C04F79EFBC}") = "World.Service", "src\backend\services\World.Service\World.Service.csproj", "{20000000-0000-0000-0000-000000000005}"
EndProject
Project("{FAE04EC0-301F-11D3-BF4B-00C04F79EFBC}") = "Match.Service", "src\backend\services\Match.Service\Match.Service.csproj", "{20000000-0000-0000-0000-000000000006}"
EndProject
Project("{FAE04EC0-301F-11D3-BF4B-00C04F79EFBC}") = "Leaderboard.Service", "src\backend\services\Leaderboard.Service\Leaderboard.Service.csproj", "{20000000-0000-0000-0000-000000000007}"
EndProject
Project("{FAE04EC0-301F-11D3-BF4B-00C04F79EFBC}") = "Payment.Service", "src\backend\services\Payment.Service\Payment.Service.csproj", "{20000000-0000-0000-0000-000000000008}"
EndProject
Project("{FAE04EC0-301F-11D3-BF4B-00C04F79EFBC}") = "Notification.Service", "src\backend\services\Notification.Service\Notification.Service.csproj", "{20000000-0000-0000-0000-000000000009}"
EndProject
Project("{FAE04EC0-301F-11D3-BF4B-00C04F79EFBC}") = "Backoffice.Service", "src\backend\services\Backoffice.Service\Backoffice.Service.csproj", "{20000000-0000-0000-0000-000000000010}"
EndProject

Global
GlobalSection(SolutionConfigurationPlatforms) = preSolution
Debug|Any CPU = Debug|Any CPU
Release|Any CPU = Release|Any CPU
EndGlobalSection
GlobalSection(SolutionProperties) = preSolution
HideSolutionNode = FALSE
EndGlobalSection
EndGlobal
